
Microsoft Visual Studio Solution File, Format Version 12.00
# Visual Studio Version 16
VisualStudioVersion = 16.0.30104.148
MinimumVisualStudioVersion = 10.0.40219.1
Project("{FAE04EC0-301F-11D3-BF4B-00C04F79EFBC}") = "MeioMundo.Editor.Ferramentas", "MeioMundo.Editor.Ferramentas.csproj", "{757803AA-7836-4E1E-B4D3-CBC04337BA43}"
EndProject
Project("{FAE04EC0-301F-11D3-BF4B-00C04F79EFBC}") = "MeioMundo.Ferramentas", "..\MeioMundo.Ferramentas\MeioMundo.Ferramentas.csproj", "{62B0CF75-68FE-41A9-A4E9-B29DA6828324}"
EndProject
Global
	GlobalSection(SolutionConfigurationPlatforms) = preSolution
		Debug|Any CPU = Debug|Any CPU
		Debug|x64 = Debug|x64
		Release|Any CPU = Release|Any CPU
		Release|x64 = Release|x64
	EndGlobalSection
	GlobalSection(ProjectConfigurationPlatforms) = postSolution
		{757803AA-7836-4E1E-B4D3-CBC04337BA43}.Debug|Any CPU.ActiveCfg = Debug|Any CPU
		{757803AA-7836-4E1E-B4D3-CBC04337BA43}.Debug|Any CPU.Build.0 = Debug|Any CPU
		{757803AA-7836-4E1E-B4D3-CBC04337BA43}.Debug|x64.ActiveCfg = Debug|x64
		{757803AA-7836-4E1E-B4D3-CBC04337BA43}.Debug|x64.Build.0 = Debug|x64
		{757803AA-7836-4E1E-B4D3-CBC04337BA43}.Release|Any CPU.ActiveCfg = Release|Any CPU
		{757803AA-7836-4E1E-B4D3-CBC04337BA43}.Release|Any CPU.Build.0 = Release|Any CPU
		{757803AA-7836-4E1E-B4D3-CBC04337BA43}.Release|x64.ActiveCfg = Release|x64
		{757803AA-7836-4E1E-B4D3-CBC04337BA43}.Release|x64.Build.0 = Release|x64
		{62B0CF75-68FE-41A9-A4E9-B29DA6828324}.Debug|Any CPU.ActiveCfg = Debug|Any CPU
		{62B0CF75-68FE-41A9-A4E9-B29DA6828324}.Debug|Any CPU.Build.0 = Debug|Any CPU
		{62B0CF75-68FE-41A9-A4E9-B29DA6828324}.Debug|x64.ActiveCfg = Debug|Any CPU
		{62B0CF75-68FE-41A9-A4E9-B29DA6828324}.Debug|x64.Build.0 = Debug|Any CPU
		{62B0CF75-68FE-41A9-A4E9-B29DA6828324}.Release|Any CPU.ActiveCfg = Release|Any CPU
		{62B0CF75-68FE-41A9-A4E9-B29DA6828324}.Release|Any CPU.Build.0 = Release|Any CPU
		{62B0CF75-68FE-41A9-A4E9-B29DA6828324}.Release|x64.ActiveCfg = Release|Any CPU
		{62B0CF75-68FE-41A9-A4E9-B29DA6828324}.Release|x64.Build.0 = Release|Any CPU
	EndGlobalSection
	GlobalSection(SolutionProperties) = preSolution
		HideSolutionNode = FALSE
	EndGlobalSection
	GlobalSection(ExtensibilityGlobals) = postSolution
		SolutionGuid = {D373DC8C-95E2-4870-A4E5-407F27232282}
	EndGlobalSection
EndGlobal
